
Microsoft Visual Studio Solution File, Format Version 12.00
# Visual Studio Version 16
VisualStudioVersion = 16.0.32228.343
MinimumVisualStudioVersion = 10.0.40219.1
Project("{FAE04EC0-301F-11D3-BF4B-00C04F79EFBC}") = "snake", "snake.csproj", "{1917BF68-F954-4CDF-8085-050BB990138E}"
EndProject
Global
	GlobalSection(SolutionConfigurationPlatforms) = preSolution
		Debug|Any CPU = Debug|Any CPU
		Release|Any CPU = Release|Any CPU
	EndGlobalSection
	GlobalSection(ProjectConfigurationPlatforms) = postSolution
		{1917BF68-F954-4CDF-8085-050BB990138E}.Debug|Any CPU.ActiveCfg = Debug|Any CPU
		{1917BF68-F954-4CDF-8085-050BB990138E}.Debug|Any CPU.Build.0 = Debug|Any CPU
		{1917BF68-F954-4CDF-8085-050BB990138E}.Release|Any CPU.ActiveCfg = Release|Any CPU
		{1917BF68-F954-4CDF-8085-050BB990138E}.Release|Any CPU.Build.0 = Release|Any CPU
	EndGlobalSection
	GlobalSection(SolutionProperties) = preSolution
		HideSolutionNode = FALSE
	EndGlobalSection
	GlobalSection(ExtensibilityGlobals) = postSolution
		SolutionGuid = {CBD8370D-73C8-47E6-8B21-F7A7EE29D059}
	EndGlobalSection
EndGlobal
